# THIS IS AN AUTOGENERATED FILE. DO NOT EDIT THIS FILE DIRECTLY.
# yarn lockfile v1


"@aws/dynamodb-auto-marshaller@^0.5.0":
  version "0.5.0"
  resolved "https://registry.yarnpkg.com/@aws/dynamodb-auto-marshaller/-/dynamodb-auto-marshaller-0.5.0.tgz#4826a4883a15cc97669ebbdc2507c33f65698c82"
  dependencies:
    tslib "^1.8.1"

"@aws/dynamodb-batch-iterator@^0.5.0":
  version "0.5.0"
  resolved "https://registry.yarnpkg.com/@aws/dynamodb-batch-iterator/-/dynamodb-batch-iterator-0.5.0.tgz#57721efa23eeecf26e8a0902729ebdfea4a10c3f"
  dependencies:
    tslib "^1.8.1"
    utf8-bytes "^0.0.1"

"@aws/dynamodb-data-mapper@^0.5.0":
  version "0.5.0"
  resolved "https://registry.yarnpkg.com/@aws/dynamodb-data-mapper/-/dynamodb-data-mapper-0.5.0.tgz#d69b5a55d8c6491271bf79d7a01797b3b29eab92"
  dependencies:
    "@aws/dynamodb-auto-marshaller" "^0.5.0"
    "@aws/dynamodb-batch-iterator" "^0.5.0"
    "@aws/dynamodb-data-marshaller" "^0.5.0"
    "@aws/dynamodb-expressions" "^0.5.0"
    tslib "^1.8.1"

"@aws/dynamodb-data-marshaller@^0.5.0":
  version "0.5.0"
  resolved "https://registry.yarnpkg.com/@aws/dynamodb-data-marshaller/-/dynamodb-data-marshaller-0.5.0.tgz#eb7dde99e7faf0be5564cf2e08fc8cc264b94a43"
  dependencies:
    "@aws/dynamodb-auto-marshaller" "^0.5.0"
    "@aws/dynamodb-expressions" "^0.5.0"
    tslib "^1.8.1"
    utf8-bytes "^0.0.1"

"@aws/dynamodb-expressions@^0.5.0":
  version "0.5.0"
  resolved "https://registry.yarnpkg.com/@aws/dynamodb-expressions/-/dynamodb-expressions-0.5.0.tgz#f59b5705ba67562529982f2b69d2360d7ae11c51"
  dependencies:
    "@aws/dynamodb-auto-marshaller" "^0.5.0"
    tslib "^1.8.1"

tslib@^1.8.1:
  version "1.9.2"
  resolved "https://registry.yarnpkg.com/tslib/-/tslib-1.9.2.tgz#8be0cc9a1f6dc7727c38deb16c2ebd1a2892988e"

utf8-bytes@^0.0.1:
  version "0.0.1"
  resolved "https://registry.yarnpkg.com/utf8-bytes/-/utf8-bytes-0.0.1.tgz#116b025448c9b500081cdfbf1f4d6c6c37d8837d"

uuid@^3.2.1:
  version "3.2.1"
  resolved "https://registry.yarnpkg.com/uuid/-/uuid-3.2.1.tgz#12c528bb9d58d0b9265d9a2f6f0fe8be17ff1f14"
